
Microsoft Visual Studio Solution File, Format Version 12.00
# Visual Studio Version 17
VisualStudioVersion = 17.13.35825.156 d17.13
MinimumVisualStudioVersion = 10.0.40219.1
Project("{FAE04EC0-301F-11D3-BF4B-00C04F79EFBC}") = "CheckLibrary", "CheckLibrary\CheckLibrary.csproj", "{58538CF4-337B-4AC5-8431-3C3FCE84B783}"
EndProject
Global
	GlobalSection(SolutionConfigurationPlatforms) = preSolution
		Debug|Any CPU = Debug|Any CPU
		Release|Any CPU = Release|Any CPU
	EndGlobalSection
	GlobalSection(ProjectConfigurationPlatforms) = postSolution
		{58538CF4-337B-4AC5-8431-3C3FCE84B783}.Debug|Any CPU.ActiveCfg = Debug|Any CPU
		{58538CF4-337B-4AC5-8431-3C3FCE84B783}.Debug|Any CPU.Build.0 = Debug|Any CPU
		{58538CF4-337B-4AC5-8431-3C3FCE84B783}.Release|Any CPU.ActiveCfg = Release|Any CPU
		{58538CF4-337B-4AC5-8431-3C3FCE84B783}.Release|Any CPU.Build.0 = Release|Any CPU
	EndGlobalSection
	GlobalSection(SolutionProperties) = preSolution
		HideSolutionNode = FALSE
	EndGlobalSection
	GlobalSection(ExtensibilityGlobals) = postSolution
		SolutionGuid = {DFCADEEF-983B-46E5-85A8-E3BA97D53EBF}
	EndGlobalSection
EndGlobal
